
Microsoft Visual Studio Solution File, Format Version 12.00
# Visual Studio Version 17
VisualStudioVersion = 17.5.002.0
MinimumVisualStudioVersion = 10.0.40219.1
Project("{9A19103F-16F7-4668-BE54-9A1E7A4F7556}") = "APL2003", "APL2003.csproj", "{3BC288A6-9B9E-4E5A-A0E1-8581AF60FDC6}"
EndProject
Global
	GlobalSection(SolutionConfigurationPlatforms) = preSolution
		Debug|Any CPU = Debug|Any CPU
		Release|Any CPU = Release|Any CPU
	EndGlobalSection
	GlobalSection(ProjectConfigurationPlatforms) = postSolution
		{3BC288A6-9B9E-4E5A-A0E1-8581AF60FDC6}.Debug|Any CPU.ActiveCfg = Debug|Any CPU
		{3BC288A6-9B9E-4E5A-A0E1-8581AF60FDC6}.Debug|Any CPU.Build.0 = Debug|Any CPU
		{3BC288A6-9B9E-4E5A-A0E1-8581AF60FDC6}.Release|Any CPU.ActiveCfg = Release|Any CPU
		{3BC288A6-9B9E-4E5A-A0E1-8581AF60FDC6}.Release|Any CPU.Build.0 = Release|Any CPU
	EndGlobalSection
	GlobalSection(SolutionProperties) = preSolution
		HideSolutionNode = FALSE
	EndGlobalSection
	GlobalSection(ExtensibilityGlobals) = postSolution
		SolutionGuid = {EB6DE386-CA9F-4FA6-90C6-D4EFA461603E}
	EndGlobalSection
EndGlobal
